# This file is automatically @generated by Cargo.
# It is not intended for manual editing.
version = 4

[[package]]
name = "dx-hir"
version = "0.1.0"
dependencies = [
 "dx-parser",
]

[[package]]
name = "dx-mir"
version = "0.1.0"
dependencies = [
 "dx-hir",
 "dx-parser",
]

[[package]]
name = "dx-parser"
version = "0.1.0"

[[package]]
name = "dx-runtime"
version = "0.1.0"
dependencies = [
 "dx-hir",
 "dx-mir",
 "dx-parser",
]
